// !$*UTF8*$!
{
	archiveVersion = 1;
	classes = {
	};
	objectVersion = 56;
	objects = {

/* Begin PBXBuildFile section */
		51C969082A3AE01900971B48 /* RepositoryListVC.swift in Sources */ = {isa = PBXBuildFile; fileRef = 51C969072A3AE01900971B48 /* RepositoryListVC.swift */; };
		51C9690A2A3AE03000971B48 /* UserProfileVC.swift in Sources */ = {isa = PBXBuildFile; fileRef = 51C969092A3AE03000971B48 /* UserProfileVC.swift */; };
		51C9690C2A3AE08C00971B48 /* RepositoryDetailVC.swift in Sources */ = {isa = PBXBuildFile; fileRef = 51C9690B2A3AE08C00971B48 /* RepositoryDetailVC.swift */; };
		51C9690E2A3AE0D900971B48 /* CommitListVC.swift in Sources */ = {isa = PBXBuildFile; fileRef = 51C9690D2A3AE0D900971B48 /* CommitListVC.swift */; };
		51C969112A3AFD1500971B48 /* RepoService.swift in Sources */ = {isa = PBXBuildFile; fileRef = 51C969102A3AFD1500971B48 /* RepoService.swift */; };
		51C969142A3AFD2A00971B48 /* UserService.swift in Sources */ = {isa = PBXBuildFile; fileRef = 51C969132A3AFD2A00971B48 /* UserService.swift */; };
		51C969162A3AFD4500971B48 /* RepoViewModel.swift in Sources */ = {isa = PBXBuildFile; fileRef = 51C969152A3AFD4500971B48 /* RepoViewModel.swift */; };
		51C969182A3AFD4D00971B48 /* UserViewModel.swift in Sources */ = {isa = PBXBuildFile; fileRef = 51C969172A3AFD4D00971B48 /* UserViewModel.swift */; };
		51C9691C2A3AFD9000971B48 /* RepoOutput.swift in Sources */ = {isa = PBXBuildFile; fileRef = 51C9691B2A3AFD9000971B48 /* RepoOutput.swift */; };
		51C9691E2A3AFD9800971B48 /* UserOutput.swift in Sources */ = {isa = PBXBuildFile; fileRef = 51C9691D2A3AFD9800971B48 /* UserOutput.swift */; };
		51C969202A3AFEDE00971B48 /* HomeVC.swift in Sources */ = {isa = PBXBuildFile; fileRef = 51C9691F2A3AFEDE00971B48 /* HomeVC.swift */; };
		51C969242A3AFF7500971B48 /* GFButton.swift in Sources */ = {isa = PBXBuildFile; fileRef = 51C969222A3AFF7500971B48 /* GFButton.swift */; };
		51C969252A3AFF7500971B48 /* GFTextField.swift in Sources */ = {isa = PBXBuildFile; fileRef = 51C969232A3AFF7500971B48 /* GFTextField.swift */; };
		51C969272A3B002800971B48 /* GFAlertVC.swift in Sources */ = {isa = PBXBuildFile; fileRef = 51C969262A3B002800971B48 /* GFAlertVC.swift */; };
		51C9692A2A3B003D00971B48 /* GFTitleLabel.swift in Sources */ = {isa = PBXBuildFile; fileRef = 51C969282A3B003D00971B48 /* GFTitleLabel.swift */; };
		51C9692B2A3B003D00971B48 /* GFBodyLabel.swift in Sources */ = {isa = PBXBuildFile; fileRef = 51C969292A3B003D00971B48 /* GFBodyLabel.swift */; };
		51C9692E2A3B005D00971B48 /* UIViewController+Ext.swift in Sources */ = {isa = PBXBuildFile; fileRef = 51C9692D2A3B005D00971B48 /* UIViewController+Ext.swift */; };
		51C969312A3B0D6500971B48 /* GGEmptyStateView.swift in Sources */ = {isa = PBXBuildFile; fileRef = 51C969302A3B0D6500971B48 /* GGEmptyStateView.swift */; };
		51C969332A3B0FE000971B48 /* LayoutManager.swift in Sources */ = {isa = PBXBuildFile; fileRef = 51C969322A3B0FE000971B48 /* LayoutManager.swift */; };
		51C969362A3B167D00971B48 /* RepoCell.swift in Sources */ = {isa = PBXBuildFile; fileRef = 51C969352A3B167D00971B48 /* RepoCell.swift */; };
		51C969382A3B16DB00971B48 /* GGImageView.swift in Sources */ = {isa = PBXBuildFile; fileRef = 51C969372A3B16DB00971B48 /* GGImageView.swift */; };
		51C9693A2A3B1EC800971B48 /* ImageManager.swift in Sources */ = {isa = PBXBuildFile; fileRef = 51C969392A3B1EC800971B48 /* ImageManager.swift */; };
		51C9693C2A3B248D00971B48 /* RepositoryList+Extension.swift in Sources */ = {isa = PBXBuildFile; fileRef = 51C9693B2A3B248D00971B48 /* RepositoryList+Extension.swift */; };
		51C9693E2A3B261800971B48 /* StatVC.swift in Sources */ = {isa = PBXBuildFile; fileRef = 51C9693D2A3B261800971B48 /* StatVC.swift */; };
		51C969402A3B26CF00971B48 /* GGStatInfoView.swift in Sources */ = {isa = PBXBuildFile; fileRef = 51C9693F2A3B26CF00971B48 /* GGStatInfoView.swift */; };
		51C969422A3B337900971B48 /* RepoDetailViewModel.swift in Sources */ = {isa = PBXBuildFile; fileRef = 51C969412A3B337900971B48 /* RepoDetailViewModel.swift */; };
		51C969492A3B344F00971B48 /* ImageUpdateService.swift in Sources */ = {isa = PBXBuildFile; fileRef = 51C969482A3B344F00971B48 /* ImageUpdateService.swift */; };
		51C9694B2A3B34E900971B48 /* ImageService.swift in Sources */ = {isa = PBXBuildFile; fileRef = 51C9694A2A3B34E900971B48 /* ImageService.swift */; };
		51DE2F312A399C99000BDF2B /* AppDelegate.swift in Sources */ = {isa = PBXBuildFile; fileRef = 51DE2F302A399C99000BDF2B /* AppDelegate.swift */; };
		51DE2F332A399C99000BDF2B /* SceneDelegate.swift in Sources */ = {isa = PBXBuildFile; fileRef = 51DE2F322A399C99000BDF2B /* SceneDelegate.swift */; };
		51DE2F3A2A399C9A000BDF2B /* Assets.xcassets in Resources */ = {isa = PBXBuildFile; fileRef = 51DE2F392A399C9A000BDF2B /* Assets.xcassets */; };
		51DE2F3D2A399C9A000BDF2B /* LaunchScreen.storyboard in Resources */ = {isa = PBXBuildFile; fileRef = 51DE2F3B2A399C9A000BDF2B /* LaunchScreen.storyboard */; };
		51DE2F482A399C9B000BDF2B /* GitGlimpseTests.swift in Sources */ = {isa = PBXBuildFile; fileRef = 51DE2F472A399C9B000BDF2B /* GitGlimpseTests.swift */; };
		51DE2F522A399C9B000BDF2B /* GitGlimpseUITests.swift in Sources */ = {isa = PBXBuildFile; fileRef = 51DE2F512A399C9B000BDF2B /* GitGlimpseUITests.swift */; };
		51DE2F542A399C9B000BDF2B /* GitGlimpseUITestsLaunchTests.swift in Sources */ = {isa = PBXBuildFile; fileRef = 51DE2F532A399C9B000BDF2B /* GitGlimpseUITestsLaunchTests.swift */; };
		51DE2F642A39AF26000BDF2B /* GitUrls.swift in Sources */ = {isa = PBXBuildFile; fileRef = 51DE2F632A39AF26000BDF2B /* GitUrls.swift */; };
		51DE2F692A39EB15000BDF2B /* GGUser.swift in Sources */ = {isa = PBXBuildFile; fileRef = 51DE2F682A39EB15000BDF2B /* GGUser.swift */; };
		51DE2F6B2A39EB21000BDF2B /* GGRepo.swift in Sources */ = {isa = PBXBuildFile; fileRef = 51DE2F6A2A39EB21000BDF2B /* GGRepo.swift */; };
		51DE2F702A3A204F000BDF2B /* NetworkManager.swift in Sources */ = {isa = PBXBuildFile; fileRef = 51DE2F6F2A3A204F000BDF2B /* NetworkManager.swift */; };
		51DE2F722A3A2230000BDF2B /* GGEnums.swift in Sources */ = {isa = PBXBuildFile; fileRef = 51DE2F712A3A2230000BDF2B /* GGEnums.swift */; };
		51EC9C2D2A3B5F640009C0ED /* CommitHistory.swift in Sources */ = {isa = PBXBuildFile; fileRef = 51EC9C2C2A3B5F640009C0ED /* CommitHistory.swift */; };
		51EC9C2F2A3B60C50009C0ED /* CommitService.swift in Sources */ = {isa = PBXBuildFile; fileRef = 51EC9C2E2A3B60C50009C0ED /* CommitService.swift */; };
		51EC9C322A3B60D70009C0ED /* CommitOutput.swift in Sources */ = {isa = PBXBuildFile; fileRef = 51EC9C312A3B60D70009C0ED /* CommitOutput.swift */; };
		51EC9C372A3B61830009C0ED /* CommitViewModel.swift in Sources */ = {isa = PBXBuildFile; fileRef = 51EC9C362A3B61830009C0ED /* CommitViewModel.swift */; };
		51EC9C3A2A3B660F0009C0ED /* CommitCell.swift in Sources */ = {isa = PBXBuildFile; fileRef = 51EC9C392A3B660F0009C0ED /* CommitCell.swift */; };
/* End PBXBuildFile section */

/* Begin PBXContainerItemProxy section */
		51DE2F442A399C9B000BDF2B /* PBXContainerItemProxy */ = {
			isa = PBXContainerItemProxy;
			containerPortal = 51DE2F252A399C99000BDF2B /* Project object */;
			proxyType = 1;
			remoteGlobalIDString = 51DE2F2C2A399C99000BDF2B;
			remoteInfo = GitGlimpse;
		};
		51DE2F4E2A399C9B000BDF2B /* PBXContainerItemProxy */ = {
			isa = PBXContainerItemProxy;
			containerPortal = 51DE2F252A399C99000BDF2B /* Project object */;
			proxyType = 1;
			remoteGlobalIDString = 51DE2F2C2A399C99000BDF2B;
			remoteInfo = GitGlimpse;
		};
/* End PBXContainerItemProxy section */

/* Begin PBXFileReference section */
		51C969072A3AE01900971B48 /* RepositoryListVC.swift */ = {isa = PBXFileReference; lastKnownFileType = sourcecode.swift; path = RepositoryListVC.swift; sourceTree = "<group>"; };
		51C969092A3AE03000971B48 /* UserProfileVC.swift */ = {isa = PBXFileReference; lastKnownFileType = sourcecode.swift; path = UserProfileVC.swift; sourceTree = "<group>"; };
		51C9690B2A3AE08C00971B48 /* RepositoryDetailVC.swift */ = {isa = PBXFileReference; lastKnownFileType = sourcecode.swift; path = RepositoryDetailVC.swift; sourceTree = "<group>"; };
		51C9690D2A3AE0D900971B48 /* CommitListVC.swift */ = {isa = PBXFileReference; lastKnownFileType = sourcecode.swift; path = CommitListVC.swift; sourceTree = "<group>"; };
		51C969102A3AFD1500971B48 /* RepoService.swift */ = {isa = PBXFileReference; lastKnownFileType = sourcecode.swift; path = RepoService.swift; sourceTree = "<group>"; };
		51C969132A3AFD2A00971B48 /* UserService.swift */ = {isa = PBXFileReference; lastKnownFileType = sourcecode.swift; path = UserService.swift; sourceTree = "<group>"; };
		51C969152A3AFD4500971B48 /* RepoViewModel.swift */ = {isa = PBXFileReference; lastKnownFileType = sourcecode.swift; path = RepoViewModel.swift; sourceTree = "<group>"; };
		51C969172A3AFD4D00971B48 /* UserViewModel.swift */ = {isa = PBXFileReference; lastKnownFileType = sourcecode.swift; path = UserViewModel.swift; sourceTree = "<group>"; };
		51C9691B2A3AFD9000971B48 /* RepoOutput.swift */ = {isa = PBXFileReference; lastKnownFileType = sourcecode.swift; path = RepoOutput.swift; sourceTree = "<group>"; };
		51C9691D2A3AFD9800971B48 /* UserOutput.swift */ = {isa = PBXFileReference; lastKnownFileType = sourcecode.swift; path = UserOutput.swift; sourceTree = "<group>"; };
		51C9691F2A3AFEDE00971B48 /* HomeVC.swift */ = {isa = PBXFileReference; lastKnownFileType = sourcecode.swift; path = HomeVC.swift; sourceTree = "<group>"; };
		51C969222A3AFF7500971B48 /* GFButton.swift */ = {isa = PBXFileReference; fileEncoding = 4; lastKnownFileType = sourcecode.swift; path = GFButton.swift; sourceTree = "<group>"; };
		51C969232A3AFF7500971B48 /* GFTextField.swift */ = {isa = PBXFileReference; fileEncoding = 4; lastKnownFileType = sourcecode.swift; path = GFTextField.swift; sourceTree = "<group>"; };
		51C969262A3B002800971B48 /* GFAlertVC.swift */ = {isa = PBXFileReference; fileEncoding = 4; lastKnownFileType = sourcecode.swift; path = GFAlertVC.swift; sourceTree = "<group>"; };
		51C969282A3B003D00971B48 /* GFTitleLabel.swift */ = {isa = PBXFileReference; fileEncoding = 4; lastKnownFileType = sourcecode.swift; path = GFTitleLabel.swift; sourceTree = "<group>"; };
		51C969292A3B003D00971B48 /* GFBodyLabel.swift */ = {isa = PBXFileReference; fileEncoding = 4; lastKnownFileType = sourcecode.swift; path = GFBodyLabel.swift; sourceTree = "<group>"; };
		51C9692D2A3B005D00971B48 /* UIViewController+Ext.swift */ = {isa = PBXFileReference; lastKnownFileType = sourcecode.swift; path = "UIViewController+Ext.swift"; sourceTree = "<group>"; };
		51C969302A3B0D6500971B48 /* GGEmptyStateView.swift */ = {isa = PBXFileReference; fileEncoding = 4; lastKnownFileType = sourcecode.swift; path = GGEmptyStateView.swift; sourceTree = "<group>"; };
		51C969322A3B0FE000971B48 /* LayoutManager.swift */ = {isa = PBXFileReference; lastKnownFileType = sourcecode.swift; path = LayoutManager.swift; sourceTree = "<group>"; };
		51C969352A3B167D00971B48 /* RepoCell.swift */ = {isa = PBXFileReference; lastKnownFileType = sourcecode.swift; path = RepoCell.swift; sourceTree = "<group>"; };
		51C969372A3B16DB00971B48 /* GGImageView.swift */ = {isa = PBXFileReference; fileEncoding = 4; lastKnownFileType = sourcecode.swift; path = GGImageView.swift; sourceTree = "<group>"; };
		51C969392A3B1EC800971B48 /* ImageManager.swift */ = {isa = PBXFileReference; lastKnownFileType = sourcecode.swift; path = ImageManager.swift; sourceTree = "<group>"; };
		51C9693B2A3B248D00971B48 /* RepositoryList+Extension.swift */ = {isa = PBXFileReference; lastKnownFileType = sourcecode.swift; path = "RepositoryList+Extension.swift"; sourceTree = "<group>"; };
		51C9693D2A3B261800971B48 /* StatVC.swift */ = {isa = PBXFileReference; lastKnownFileType = sourcecode.swift; path = StatVC.swift; sourceTree = "<group>"; };
		51C9693F2A3B26CF00971B48 /* GGStatInfoView.swift */ = {isa = PBXFileReference; lastKnownFileType = sourcecode.swift; path = GGStatInfoView.swift; sourceTree = "<group>"; };
		51C969412A3B337900971B48 /* RepoDetailViewModel.swift */ = {isa = PBXFileReference; lastKnownFileType = sourcecode.swift; path = RepoDetailViewModel.swift; sourceTree = "<group>"; };
		51C969482A3B344F00971B48 /* ImageUpdateService.swift */ = {isa = PBXFileReference; lastKnownFileType = sourcecode.swift; path = ImageUpdateService.swift; sourceTree = "<group>"; };
		51C9694A2A3B34E900971B48 /* ImageService.swift */ = {isa = PBXFileReference; lastKnownFileType = sourcecode.swift; path = ImageService.swift; sourceTree = "<group>"; };
		51DE2F2D2A399C99000BDF2B /* GitGlimpse.app */ = {isa = PBXFileReference; explicitFileType = wrapper.application; includeInIndex = 0; path = GitGlimpse.app; sourceTree = BUILT_PRODUCTS_DIR; };
		51DE2F302A399C99000BDF2B /* AppDelegate.swift */ = {isa = PBXFileReference; lastKnownFileType = sourcecode.swift; path = AppDelegate.swift; sourceTree = "<group>"; };
		51DE2F322A399C99000BDF2B /* SceneDelegate.swift */ = {isa = PBXFileReference; lastKnownFileType = sourcecode.swift; path = SceneDelegate.swift; sourceTree = "<group>"; };
		51DE2F392A399C9A000BDF2B /* Assets.xcassets */ = {isa = PBXFileReference; lastKnownFileType = folder.assetcatalog; path = Assets.xcassets; sourceTree = "<group>"; };
		51DE2F3C2A399C9A000BDF2B /* Base */ = {isa = PBXFileReference; lastKnownFileType = file.storyboard; name = Base; path = Base.lproj/LaunchScreen.storyboard; sourceTree = "<group>"; };
		51DE2F3E2A399C9A000BDF2B /* Info.plist */ = {isa = PBXFileReference; lastKnownFileType = text.plist.xml; path = Info.plist; sourceTree = "<group>"; };
		51DE2F432A399C9B000BDF2B /* GitGlimpseTests.xctest */ = {isa = PBXFileReference; explicitFileType = wrapper.cfbundle; includeInIndex = 0; path = GitGlimpseTests.xctest; sourceTree = BUILT_PRODUCTS_DIR; };
		51DE2F472A399C9B000BDF2B /* GitGlimpseTests.swift */ = {isa = PBXFileReference; lastKnownFileType = sourcecode.swift; path = GitGlimpseTests.swift; sourceTree = "<group>"; };
		51DE2F4D2A399C9B000BDF2B /* GitGlimpseUITests.xctest */ = {isa = PBXFileReference; explicitFileType = wrapper.cfbundle; includeInIndex = 0; path = GitGlimpseUITests.xctest; sourceTree = BUILT_PRODUCTS_DIR; };
		51DE2F512A399C9B000BDF2B /* GitGlimpseUITests.swift */ = {isa = PBXFileReference; lastKnownFileType = sourcecode.swift; path = GitGlimpseUITests.swift; sourceTree = "<group>"; };
		51DE2F532A399C9B000BDF2B /* GitGlimpseUITestsLaunchTests.swift */ = {isa = PBXFileReference; lastKnownFileType = sourcecode.swift; path = GitGlimpseUITestsLaunchTests.swift; sourceTree = "<group>"; };
		51DE2F632A39AF26000BDF2B /* GitUrls.swift */ = {isa = PBXFileReference; lastKnownFileType = sourcecode.swift; path = GitUrls.swift; sourceTree = "<group>"; };
		51DE2F682A39EB15000BDF2B /* GGUser.swift */ = {isa = PBXFileReference; lastKnownFileType = sourcecode.swift; path = GGUser.swift; sourceTree = "<group>"; };
		51DE2F6A2A39EB21000BDF2B /* GGRepo.swift */ = {isa = PBXFileReference; lastKnownFileType = sourcecode.swift; path = GGRepo.swift; sourceTree = "<group>"; };
		51DE2F6F2A3A204F000BDF2B /* NetworkManager.swift */ = {isa = PBXFileReference; lastKnownFileType = sourcecode.swift; path = NetworkManager.swift; sourceTree = "<group>"; };
		51DE2F712A3A2230000BDF2B /* GGEnums.swift */ = {isa = PBXFileReference; lastKnownFileType = sourcecode.swift; path = GGEnums.swift; sourceTree = "<group>"; };
		51EC9C2C2A3B5F640009C0ED /* CommitHistory.swift */ = {isa = PBXFileReference; lastKnownFileType = sourcecode.swift; path = CommitHistory.swift; sourceTree = "<group>"; };
		51EC9C2E2A3B60C50009C0ED /* CommitService.swift */ = {isa = PBXFileReference; lastKnownFileType = sourcecode.swift; path = CommitService.swift; sourceTree = "<group>"; };
		51EC9C312A3B60D70009C0ED /* CommitOutput.swift */ = {isa = PBXFileReference; lastKnownFileType = sourcecode.swift; path = CommitOutput.swift; sourceTree = "<group>"; };
		51EC9C362A3B61830009C0ED /* CommitViewModel.swift */ = {isa = PBXFileReference; lastKnownFileType = sourcecode.swift; path = CommitViewModel.swift; sourceTree = "<group>"; };
		51EC9C392A3B660F0009C0ED /* CommitCell.swift */ = {isa = PBXFileReference; lastKnownFileType = sourcecode.swift; path = CommitCell.swift; sourceTree = "<group>"; };
/* End PBXFileReference section */

/* Begin PBXFrameworksBuildPhase section */
		51DE2F2A2A399C99000BDF2B /* Frameworks */ = {
			isa = PBXFrameworksBuildPhase;
			buildActionMask = 2147483647;
			files = (
			);
			runOnlyForDeploymentPostprocessing = 0;
		};
		51DE2F402A399C9B000BDF2B /* Frameworks */ = {
			isa = PBXFrameworksBuildPhase;
			buildActionMask = 2147483647;
			files = (
			);
			runOnlyForDeploymentPostprocessing = 0;
		};
		51DE2F4A2A399C9B000BDF2B /* Frameworks */ = {
			isa = PBXFrameworksBuildPhase;
			buildActionMask = 2147483647;
			files = (
			);
			runOnlyForDeploymentPostprocessing = 0;
		};
/* End PBXFrameworksBuildPhase section */

/* Begin PBXGroup section */
		51C969062A3ADF5500971B48 /* support */ = {
			isa = PBXGroup;
			children = (
				51DE2F302A399C99000BDF2B /* AppDelegate.swift */,
				51DE2F322A399C99000BDF2B /* SceneDelegate.swift */,
			);
			path = support;
			sourceTree = "<group>";
		};
		51C9690F2A3AFCF400971B48 /* service */ = {
			isa = PBXGroup;
			children = (
				51EC9C302A3B60C90009C0ED /* commit */,
				51C969472A3B343D00971B48 /* image */,
				51C9691A2A3AFD7C00971B48 /* user */,
				51C969192A3AFD7500971B48 /* repo */,
			);
			path = service;
			sourceTree = "<group>";
		};
		51C969192A3AFD7500971B48 /* repo */ = {
			isa = PBXGroup;
			children = (
				51C969102A3AFD1500971B48 /* RepoService.swift */,
				51C9691B2A3AFD9000971B48 /* RepoOutput.swift */,
			);
			path = repo;
			sourceTree = "<group>";
		};
		51C9691A2A3AFD7C00971B48 /* user */ = {
			isa = PBXGroup;
			children = (
				51C969132A3AFD2A00971B48 /* UserService.swift */,
				51C9691D2A3AFD9800971B48 /* UserOutput.swift */,
			);
			path = user;
			sourceTree = "<group>";
		};
		51C969212A3AFF1E00971B48 /* custom_view */ = {
			isa = PBXGroup;
			children = (
				51EC9C382A3B65F80009C0ED /* cell */,
				51EC9C342A3B613F0009C0ED /* widget */,
				51C9693F2A3B26CF00971B48 /* GGStatInfoView.swift */,
				51C969302A3B0D6500971B48 /* GGEmptyStateView.swift */,
			);
			path = custom_view;
			sourceTree = "<group>";
		};
		51C9692C2A3B005000971B48 /* extension */ = {
			isa = PBXGroup;
			children = (
				51C9692D2A3B005D00971B48 /* UIViewController+Ext.swift */,
			);
			path = extension;
			sourceTree = "<group>";
		};
		51C9692F2A3B072500971B48 /* custom_vc */ = {
			isa = PBXGroup;
			children = (
				51C969262A3B002800971B48 /* GFAlertVC.swift */,
				51C9693D2A3B261800971B48 /* StatVC.swift */,
			);
			path = custom_vc;
			sourceTree = "<group>";
		};
		51C969342A3B15C700971B48 /* main */ = {
			isa = PBXGroup;
			children = (
				51EC9C352A3B616D0009C0ED /* commit */,
				51C9694D2A3B4AE800971B48 /* user */,
				51C9694C2A3B4ACC00971B48 /* repository */,
				51C9691F2A3AFEDE00971B48 /* HomeVC.swift */,
			);
			path = main;
			sourceTree = "<group>";
		};
		51C969472A3B343D00971B48 /* image */ = {
			isa = PBXGroup;
			children = (
				51C969482A3B344F00971B48 /* ImageUpdateService.swift */,
				51C9694A2A3B34E900971B48 /* ImageService.swift */,
			);
			path = image;
			sourceTree = "<group>";
		};
		51C9694C2A3B4ACC00971B48 /* repository */ = {
			isa = PBXGroup;
			children = (
				51C969072A3AE01900971B48 /* RepositoryListVC.swift */,
				51C9693B2A3B248D00971B48 /* RepositoryList+Extension.swift */,
				51C9690B2A3AE08C00971B48 /* RepositoryDetailVC.swift */,
			);
			path = repository;
			sourceTree = "<group>";
		};
		51C9694D2A3B4AE800971B48 /* user */ = {
			isa = PBXGroup;
			children = (
				51C969092A3AE03000971B48 /* UserProfileVC.swift */,
			);
			path = user;
			sourceTree = "<group>";
		};
		51DE2F242A399C99000BDF2B = {
			isa = PBXGroup;
			children = (
				51DE2F2F2A399C99000BDF2B /* GitGlimpse */,
				51DE2F462A399C9B000BDF2B /* GitGlimpseTests */,
				51DE2F502A399C9B000BDF2B /* GitGlimpseUITests */,
				51DE2F2E2A399C99000BDF2B /* Products */,
			);
			sourceTree = "<group>";
		};
		51DE2F2E2A399C99000BDF2B /* Products */ = {
			isa = PBXGroup;
			children = (
				51DE2F2D2A399C99000BDF2B /* GitGlimpse.app */,
				51DE2F432A399C9B000BDF2B /* GitGlimpseTests.xctest */,
				51DE2F4D2A399C9B000BDF2B /* GitGlimpseUITests.xctest */,
			);
			name = Products;
			sourceTree = "<group>";
		};
		51DE2F2F2A399C99000BDF2B /* GitGlimpse */ = {
			isa = PBXGroup;
			children = (
				51EC9C332A3B611E0009C0ED /* supporting_views */,
				51C9690F2A3AFCF400971B48 /* service */,
				51DE2F6E2A3A2021000BDF2B /* manager */,
				51C969062A3ADF5500971B48 /* support */,
				51DE2F652A39EB01000BDF2B /* model */,
				51DE2F6D2A3A2012000BDF2B /* view */,
				51DE2F6C2A3A2007000BDF2B /* view_model */,
				51DE2F602A39ADA4000BDF2B /* util */,
				51DE2F392A399C9A000BDF2B /* Assets.xcassets */,
				51DE2F3B2A399C9A000BDF2B /* LaunchScreen.storyboard */,
				51DE2F3E2A399C9A000BDF2B /* Info.plist */,
			);
			path = GitGlimpse;
			sourceTree = "<group>";
		};
		51DE2F462A399C9B000BDF2B /* GitGlimpseTests */ = {
			isa = PBXGroup;
			children = (
				51DE2F472A399C9B000BDF2B /* GitGlimpseTests.swift */,
			);
			path = GitGlimpseTests;
			sourceTree = "<group>";
		};
		51DE2F502A399C9B000BDF2B /* GitGlimpseUITests */ = {
			isa = PBXGroup;
			children = (
				51DE2F512A399C9B000BDF2B /* GitGlimpseUITests.swift */,
				51DE2F532A399C9B000BDF2B /* GitGlimpseUITestsLaunchTests.swift */,
			);
			path = GitGlimpseUITests;
			sourceTree = "<group>";
		};
		51DE2F602A39ADA4000BDF2B /* util */ = {
			isa = PBXGroup;
			children = (
				51C9692C2A3B005000971B48 /* extension */,
				51DE2F632A39AF26000BDF2B /* GitUrls.swift */,
				51DE2F712A3A2230000BDF2B /* GGEnums.swift */,
			);
			path = util;
			sourceTree = "<group>";
		};
		51DE2F652A39EB01000BDF2B /* model */ = {
			isa = PBXGroup;
			children = (
				51DE2F682A39EB15000BDF2B /* GGUser.swift */,
				51DE2F6A2A39EB21000BDF2B /* GGRepo.swift */,
				51EC9C2C2A3B5F640009C0ED /* CommitHistory.swift */,
			);
			path = model;
			sourceTree = "<group>";
		};
		51DE2F6C2A3A2007000BDF2B /* view_model */ = {
			isa = PBXGroup;
			children = (
				51C969152A3AFD4500971B48 /* RepoViewModel.swift */,
				51C969172A3AFD4D00971B48 /* UserViewModel.swift */,
				51C969412A3B337900971B48 /* RepoDetailViewModel.swift */,
				51EC9C362A3B61830009C0ED /* CommitViewModel.swift */,
			);
			path = view_model;
			sourceTree = "<group>";
		};
		51DE2F6D2A3A2012000BDF2B /* view */ = {
			isa = PBXGroup;
			children = (
				51C969342A3B15C700971B48 /* main */,
			);
			path = view;
			sourceTree = "<group>";
		};
		51DE2F6E2A3A2021000BDF2B /* manager */ = {
			isa = PBXGroup;
			children = (
				51DE2F6F2A3A204F000BDF2B /* NetworkManager.swift */,
				51C969322A3B0FE000971B48 /* LayoutManager.swift */,
				51C969392A3B1EC800971B48 /* ImageManager.swift */,
			);
			path = manager;
			sourceTree = "<group>";
		};
		51EC9C302A3B60C90009C0ED /* commit */ = {
			isa = PBXGroup;
			children = (
				51EC9C2E2A3B60C50009C0ED /* CommitService.swift */,
				51EC9C312A3B60D70009C0ED /* CommitOutput.swift */,
			);
			path = commit;
			sourceTree = "<group>";
		};
		51EC9C332A3B611E0009C0ED /* supporting_views */ = {
			isa = PBXGroup;
			children = (
				51C969212A3AFF1E00971B48 /* custom_view */,
				51C9692F2A3B072500971B48 /* custom_vc */,
			);
			path = supporting_views;
			sourceTree = "<group>";
		};
		51EC9C342A3B613F0009C0ED /* widget */ = {
			isa = PBXGroup;
			children = (
				51C969372A3B16DB00971B48 /* GGImageView.swift */,
				51C969292A3B003D00971B48 /* GFBodyLabel.swift */,
				51C969282A3B003D00971B48 /* GFTitleLabel.swift */,
				51C969222A3AFF7500971B48 /* GFButton.swift */,
				51C969232A3AFF7500971B48 /* GFTextField.swift */,
			);
			path = widget;
			sourceTree = "<group>";
		};
		51EC9C352A3B616D0009C0ED /* commit */ = {
			isa = PBXGroup;
			children = (
				51C9690D2A3AE0D900971B48 /* CommitListVC.swift */,
			);
			path = commit;
			sourceTree = "<group>";
		};
		51EC9C382A3B65F80009C0ED /* cell */ = {
			isa = PBXGroup;
			children = (
				51C969352A3B167D00971B48 /* RepoCell.swift */,
				51EC9C392A3B660F0009C0ED /* CommitCell.swift */,
			);
			path = cell;
			sourceTree = "<group>";
		};
/* End PBXGroup section */

/* Begin PBXNativeTarget section */
		51DE2F2C2A399C99000BDF2B /* GitGlimpse */ = {
			isa = PBXNativeTarget;
			buildConfigurationList = 51DE2F572A399C9B000BDF2B /* Build configuration list for PBXNativeTarget "GitGlimpse" */;
			buildPhases = (
				51DE2F292A399C99000BDF2B /* Sources */,
				51DE2F2A2A399C99000BDF2B /* Frameworks */,
				51DE2F2B2A399C99000BDF2B /* Resources */,
			);
			buildRules = (
			);
			dependencies = (
			);
			name = GitGlimpse;
			productName = GitGlimpse;
			productReference = 51DE2F2D2A399C99000BDF2B /* GitGlimpse.app */;
			productType = "com.apple.product-type.application";
		};
		51DE2F422A399C9B000BDF2B /* GitGlimpseTests */ = {
			isa = PBXNativeTarget;
			buildConfigurationList = 51DE2F5A2A399C9B000BDF2B /* Build configuration list for PBXNativeTarget "GitGlimpseTests" */;
			buildPhases = (
				51DE2F3F2A399C9B000BDF2B /* Sources */,
				51DE2F402A399C9B000BDF2B /* Frameworks */,
				51DE2F412A399C9B000BDF2B /* Resources */,
			);
			buildRules = (
			);
			dependencies = (
				51DE2F452A399C9B000BDF2B /* PBXTargetDependency */,
			);
			name = GitGlimpseTests;
			productName = GitGlimpseTests;
			productReference = 51DE2F432A399C9B000BDF2B /* GitGlimpseTests.xctest */;
			productType = "com.apple.product-type.bundle.unit-test";
		};
		51DE2F4C2A399C9B000BDF2B /* GitGlimpseUITests */ = {
			isa = PBXNativeTarget;
			buildConfigurationList = 51DE2F5D2A399C9B000BDF2B /* Build configuration list for PBXNativeTarget "GitGlimpseUITests" */;
			buildPhases = (
				51DE2F492A399C9B000BDF2B /* Sources */,
				51DE2F4A2A399C9B000BDF2B /* Frameworks */,
				51DE2F4B2A399C9B000BDF2B /* Resources */,
			);
			buildRules = (
			);
			dependencies = (
				51DE2F4F2A399C9B000BDF2B /* PBXTargetDependency */,
			);
			name = GitGlimpseUITests;
			productName = GitGlimpseUITests;
			productReference = 51DE2F4D2A399C9B000BDF2B /* GitGlimpseUITests.xctest */;
			productType = "com.apple.product-type.bundle.ui-testing";
		};
/* End PBXNativeTarget section */

/* Begin PBXProject section */
		51DE2F252A399C99000BDF2B /* Project object */ = {
			isa = PBXProject;
			attributes = {
				BuildIndependentTargetsInParallel = 1;
				LastSwiftUpdateCheck = 1430;
				LastUpgradeCheck = 1430;
				TargetAttributes = {
					51DE2F2C2A399C99000BDF2B = {
						CreatedOnToolsVersion = 14.3;
					};
					51DE2F422A399C9B000BDF2B = {
						CreatedOnToolsVersion = 14.3;
						TestTargetID = 51DE2F2C2A399C99000BDF2B;
					};
					51DE2F4C2A399C9B000BDF2B = {
						CreatedOnToolsVersion = 14.3;
						TestTargetID = 51DE2F2C2A399C99000BDF2B;
					};
				};
			};
			buildConfigurationList = 51DE2F282A399C99000BDF2B /* Build configuration list for PBXProject "GitGlimpse" */;
			compatibilityVersion = "Xcode 14.0";
			developmentRegion = en;
			hasScannedForEncodings = 0;
			knownRegions = (
				en,
				Base,
			);
			mainGroup = 51DE2F242A399C99000BDF2B;
			productRefGroup = 51DE2F2E2A399C99000BDF2B /* Products */;
			projectDirPath = "";
			projectRoot = "";
			targets = (
				51DE2F2C2A399C99000BDF2B /* GitGlimpse */,
				51DE2F422A399C9B000BDF2B /* GitGlimpseTests */,
				51DE2F4C2A399C9B000BDF2B /* GitGlimpseUITests */,
			);
		};
/* End PBXProject section */

/* Begin PBXResourcesBuildPhase section */
		51DE2F2B2A399C99000BDF2B /* Resources */ = {
			isa = PBXResourcesBuildPhase;
			buildActionMask = 2147483647;
			files = (
				51DE2F3D2A399C9A000BDF2B /* LaunchScreen.storyboard in Resources */,
				51DE2F3A2A399C9A000BDF2B /* Assets.xcassets in Resources */,
			);
			runOnlyForDeploymentPostprocessing = 0;
		};
		51DE2F412A399C9B000BDF2B /* Resources */ = {
			isa = PBXResourcesBuildPhase;
			buildActionMask = 2147483647;
			files = (
			);
			runOnlyForDeploymentPostprocessing = 0;
		};
		51DE2F4B2A399C9B000BDF2B /* Resources */ = {
			isa = PBXResourcesBuildPhase;
			buildActionMask = 2147483647;
			files = (
			);
			runOnlyForDeploymentPostprocessing = 0;
		};
/* End PBXResourcesBuildPhase section */

/* Begin PBXSourcesBuildPhase section */
		51DE2F292A399C99000BDF2B /* Sources */ = {
			isa = PBXSourcesBuildPhase;
			buildActionMask = 2147483647;
			files = (
				51C969402A3B26CF00971B48 /* GGStatInfoView.swift in Sources */,
				51EC9C2D2A3B5F640009C0ED /* CommitHistory.swift in Sources */,
				51C9693E2A3B261800971B48 /* StatVC.swift in Sources */,
				51C969162A3AFD4500971B48 /* RepoViewModel.swift in Sources */,
				51C969142A3AFD2A00971B48 /* UserService.swift in Sources */,
				51C9692A2A3B003D00971B48 /* GFTitleLabel.swift in Sources */,
				51C969492A3B344F00971B48 /* ImageUpdateService.swift in Sources */,
				51DE2F6B2A39EB21000BDF2B /* GGRepo.swift in Sources */,
				51C969382A3B16DB00971B48 /* GGImageView.swift in Sources */,
				51EC9C3A2A3B660F0009C0ED /* CommitCell.swift in Sources */,
				51C969312A3B0D6500971B48 /* GGEmptyStateView.swift in Sources */,
				51C969422A3B337900971B48 /* RepoDetailViewModel.swift in Sources */,
				51EC9C322A3B60D70009C0ED /* CommitOutput.swift in Sources */,
				51C969362A3B167D00971B48 /* RepoCell.swift in Sources */,
				51C9693A2A3B1EC800971B48 /* ImageManager.swift in Sources */,
				51DE2F692A39EB15000BDF2B /* GGUser.swift in Sources */,
				51EC9C2F2A3B60C50009C0ED /* CommitService.swift in Sources */,
				51C9694B2A3B34E900971B48 /* ImageService.swift in Sources */,
				51C9690E2A3AE0D900971B48 /* CommitListVC.swift in Sources */,
				51C9692B2A3B003D00971B48 /* GFBodyLabel.swift in Sources */,
				51C969252A3AFF7500971B48 /* GFTextField.swift in Sources */,
				51C969242A3AFF7500971B48 /* GFButton.swift in Sources */,
				51C9690A2A3AE03000971B48 /* UserProfileVC.swift in Sources */,
				51DE2F702A3A204F000BDF2B /* NetworkManager.swift in Sources */,
				51C9693C2A3B248D00971B48 /* RepositoryList+Extension.swift in Sources */,
				51DE2F312A399C99000BDF2B /* AppDelegate.swift in Sources */,
				51C969182A3AFD4D00971B48 /* UserViewModel.swift in Sources */,
				51DE2F642A39AF26000BDF2B /* GitUrls.swift in Sources */,
				51C969112A3AFD1500971B48 /* RepoService.swift in Sources */,
				51C9690C2A3AE08C00971B48 /* RepositoryDetailVC.swift in Sources */,
				51C9691E2A3AFD9800971B48 /* UserOutput.swift in Sources */,
				51C969272A3B002800971B48 /* GFAlertVC.swift in Sources */,
				51C969082A3AE01900971B48 /* RepositoryListVC.swift in Sources */,
				51C9691C2A3AFD9000971B48 /* RepoOutput.swift in Sources */,
				51DE2F722A3A2230000BDF2B /* GGEnums.swift in Sources */,
				51C969332A3B0FE000971B48 /* LayoutManager.swift in Sources */,
				51C9692E2A3B005D00971B48 /* UIViewController+Ext.swift in Sources */,
				51EC9C372A3B61830009C0ED /* CommitViewModel.swift in Sources */,
				51C969202A3AFEDE00971B48 /* HomeVC.swift in Sources */,
				51DE2F332A399C99000BDF2B /* SceneDelegate.swift in Sources */,
			);
			runOnlyForDeploymentPostprocessing = 0;
		};
		51DE2F3F2A399C9B000BDF2B /* Sources */ = {
			isa = PBXSourcesBuildPhase;
			buildActionMask = 2147483647;
			files = (
				51DE2F482A399C9B000BDF2B /* GitGlimpseTests.swift in Sources */,
			);
			runOnlyForDeploymentPostprocessing = 0;
		};
		51DE2F492A399C9B000BDF2B /* Sources */ = {
			isa = PBXSourcesBuildPhase;
			buildActionMask = 2147483647;
			files = (
				51DE2F522A399C9B000BDF2B /* GitGlimpseUITests.swift in Sources */,
				51DE2F542A399C9B000BDF2B /* GitGlimpseUITestsLaunchTests.swift in Sources */,
			);
			runOnlyForDeploymentPostprocessing = 0;
		};
/* End PBXSourcesBuildPhase section */

/* Begin PBXTargetDependency section */
		51DE2F452A399C9B000BDF2B /* PBXTargetDependency */ = {
			isa = PBXTargetDependency;
			target = 51DE2F2C2A399C99000BDF2B /* GitGlimpse */;
			targetProxy = 51DE2F442A399C9B000BDF2B /* PBXContainerItemProxy */;
		};
		51DE2F4F2A399C9B000BDF2B /* PBXTargetDependency */ = {
			isa = PBXTargetDependency;
			target = 51DE2F2C2A399C99000BDF2B /* GitGlimpse */;
			targetProxy = 51DE2F4E2A399C9B000BDF2B /* PBXContainerItemProxy */;
		};
/* End PBXTargetDependency section */

/* Begin PBXVariantGroup section */
		51DE2F3B2A399C9A000BDF2B /* LaunchScreen.storyboard */ = {
			isa = PBXVariantGroup;
			children = (
				51DE2F3C2A399C9A000BDF2B /* Base */,
			);
			name = LaunchScreen.storyboard;
			sourceTree = "<group>";
		};
/* End PBXVariantGroup section */

/* Begin XCBuildConfiguration section */
		51DE2F552A399C9B000BDF2B /* Debug */ = {
			isa = XCBuildConfiguration;
			buildSettings = {
				ALWAYS_SEARCH_USER_PATHS = NO;
				CLANG_ANALYZER_NONNULL = YES;
				CLANG_ANALYZER_NUMBER_OBJECT_CONVERSION = YES_AGGRESSIVE;
				CLANG_CXX_LANGUAGE_STANDARD = "gnu++20";
				CLANG_ENABLE_MODULES = YES;
				CLANG_ENABLE_OBJC_ARC = YES;
				CLANG_ENABLE_OBJC_WEAK = YES;
				CLANG_WARN_BLOCK_CAPTURE_AUTORELEASING = YES;
				CLANG_WARN_BOOL_CONVERSION = YES;
				CLANG_WARN_COMMA = YES;
				CLANG_WARN_CONSTANT_CONVERSION = YES;
				CLANG_WARN_DEPRECATED_OBJC_IMPLEMENTATIONS = YES;
				CLANG_WARN_DIRECT_OBJC_ISA_USAGE = YES_ERROR;
				CLANG_WARN_DOCUMENTATION_COMMENTS = YES;
				CLANG_WARN_EMPTY_BODY = YES;
				CLANG_WARN_ENUM_CONVERSION = YES;
				CLANG_WARN_INFINITE_RECURSION = YES;
				CLANG_WARN_INT_CONVERSION = YES;
				CLANG_WARN_NON_LITERAL_NULL_CONVERSION = YES;
				CLANG_WARN_OBJC_IMPLICIT_RETAIN_SELF = YES;
				CLANG_WARN_OBJC_LITERAL_CONVERSION = YES;
				CLANG_WARN_OBJC_ROOT_CLASS = YES_ERROR;
				CLANG_WARN_QUOTED_INCLUDE_IN_FRAMEWORK_HEADER = YES;
				CLANG_WARN_RANGE_LOOP_ANALYSIS = YES;
				CLANG_WARN_STRICT_PROTOTYPES = YES;
				CLANG_WARN_SUSPICIOUS_MOVE = YES;
				CLANG_WARN_UNGUARDED_AVAILABILITY = YES_AGGRESSIVE;
				CLANG_WARN_UNREACHABLE_CODE = YES;
				CLANG_WARN__DUPLICATE_METHOD_MATCH = YES;
				COPY_PHASE_STRIP = NO;
				DEBUG_INFORMATION_FORMAT = dwarf;
				ENABLE_STRICT_OBJC_MSGSEND = YES;
				ENABLE_TESTABILITY = YES;
				GCC_C_LANGUAGE_STANDARD = gnu11;
				GCC_DYNAMIC_NO_PIC = NO;
				GCC_NO_COMMON_BLOCKS = YES;
				GCC_OPTIMIZATION_LEVEL = 0;
				GCC_PREPROCESSOR_DEFINITIONS = (
					"DEBUG=1",
					"$(inherited)",
				);
				GCC_WARN_64_TO_32_BIT_CONVERSION = YES;
				GCC_WARN_ABOUT_RETURN_TYPE = YES_ERROR;
				GCC_WARN_UNDECLARED_SELECTOR = YES;
				GCC_WARN_UNINITIALIZED_AUTOS = YES_AGGRESSIVE;
				GCC_WARN_UNUSED_FUNCTION = YES;
				GCC_WARN_UNUSED_VARIABLE = YES;
				IPHONEOS_DEPLOYMENT_TARGET = 16.4;
				MTL_ENABLE_DEBUG_INFO = INCLUDE_SOURCE;
				MTL_FAST_MATH = YES;
				ONLY_ACTIVE_ARCH = YES;
				SDKROOT = iphoneos;
				SWIFT_ACTIVE_COMPILATION_CONDITIONS = DEBUG;
				SWIFT_OPTIMIZATION_LEVEL = "-Onone";
			};
			name = Debug;
		};
		51DE2F562A399C9B000BDF2B /* Release */ = {
			isa = XCBuildConfiguration;
			buildSettings = {
				ALWAYS_SEARCH_USER_PATHS = NO;
				CLANG_ANALYZER_NONNULL = YES;
				CLANG_ANALYZER_NUMBER_OBJECT_CONVERSION = YES_AGGRESSIVE;
				CLANG_CXX_LANGUAGE_STANDARD = "gnu++20";
				CLANG_ENABLE_MODULES = YES;
				CLANG_ENABLE_OBJC_ARC = YES;
				CLANG_ENABLE_OBJC_WEAK = YES;
				CLANG_WARN_BLOCK_CAPTURE_AUTORELEASING = YES;
				CLANG_WARN_BOOL_CONVERSION = YES;
				CLANG_WARN_COMMA = YES;
				CLANG_WARN_CONSTANT_CONVERSION = YES;
				CLANG_WARN_DEPRECATED_OBJC_IMPLEMENTATIONS = YES;
				CLANG_WARN_DIRECT_OBJC_ISA_USAGE = YES_ERROR;
				CLANG_WARN_DOCUMENTATION_COMMENTS = YES;
				CLANG_WARN_EMPTY_BODY = YES;
				CLANG_WARN_ENUM_CONVERSION = YES;
				CLANG_WARN_INFINITE_RECURSION = YES;
				CLANG_WARN_INT_CONVERSION = YES;
				CLANG_WARN_NON_LITERAL_NULL_CONVERSION = YES;
				CLANG_WARN_OBJC_IMPLICIT_RETAIN_SELF = YES;
				CLANG_WARN_OBJC_LITERAL_CONVERSION = YES;
				CLANG_WARN_OBJC_ROOT_CLASS = YES_ERROR;
				CLANG_WARN_QUOTED_INCLUDE_IN_FRAMEWORK_HEADER = YES;
				CLANG_WARN_RANGE_LOOP_ANALYSIS = YES;
				CLANG_WARN_STRICT_PROTOTYPES = YES;
				CLANG_WARN_SUSPICIOUS_MOVE = YES;
				CLANG_WARN_UNGUARDED_AVAILABILITY = YES_AGGRESSIVE;
				CLANG_WARN_UNREACHABLE_CODE = YES;
				CLANG_WARN__DUPLICATE_METHOD_MATCH = YES;
				COPY_PHASE_STRIP = NO;
				DEBUG_INFORMATION_FORMAT = "dwarf-with-dsym";
				ENABLE_NS_ASSERTIONS = NO;
				ENABLE_STRICT_OBJC_MSGSEND = YES;
				GCC_C_LANGUAGE_STANDARD = gnu11;
				GCC_NO_COMMON_BLOCKS = YES;
				GCC_WARN_64_TO_32_BIT_CONVERSION = YES;
				GCC_WARN_ABOUT_RETURN_TYPE = YES_ERROR;
				GCC_WARN_UNDECLARED_SELECTOR = YES;
				GCC_WARN_UNINITIALIZED_AUTOS = YES_AGGRESSIVE;
				GCC_WARN_UNUSED_FUNCTION = YES;
				GCC_WARN_UNUSED_VARIABLE = YES;
				IPHONEOS_DEPLOYMENT_TARGET = 16.4;
				MTL_ENABLE_DEBUG_INFO = NO;
				MTL_FAST_MATH = YES;
				SDKROOT = iphoneos;
				SWIFT_COMPILATION_MODE = wholemodule;
				SWIFT_OPTIMIZATION_LEVEL = "-O";
				VALIDATE_PRODUCT = YES;
			};
			name = Release;
		};
		51DE2F582A399C9B000BDF2B /* Debug */ = {
			isa = XCBuildConfiguration;
			buildSettings = {
				ASSETCATALOG_COMPILER_APPICON_NAME = AppIcon;
				ASSETCATALOG_COMPILER_GLOBAL_ACCENT_COLOR_NAME = AccentColor;
				CODE_SIGN_STYLE = Automatic;
				CURRENT_PROJECT_VERSION = 1;
				DEVELOPMENT_TEAM = 8FNYAR5ABD;
				GENERATE_INFOPLIST_FILE = YES;
				INFOPLIST_FILE = GitGlimpse/Info.plist;
				INFOPLIST_KEY_CFBundleDisplayName = GitGlimpse;
				INFOPLIST_KEY_LSApplicationCategoryType = "public.app-category.developer-tools";
				INFOPLIST_KEY_UIApplicationSupportsIndirectInputEvents = YES;
				INFOPLIST_KEY_UILaunchStoryboardName = LaunchScreen;
				INFOPLIST_KEY_UISupportedInterfaceOrientations = UIInterfaceOrientationPortrait;
				INFOPLIST_KEY_UISupportedInterfaceOrientations_iPad = "UIInterfaceOrientationLandscapeLeft UIInterfaceOrientationLandscapeRight UIInterfaceOrientationPortrait UIInterfaceOrientationPortraitUpsideDown";
				IPHONEOS_DEPLOYMENT_TARGET = 15.0;
				LD_RUNPATH_SEARCH_PATHS = (
					"$(inherited)",
					"@executable_path/Frameworks",
				);
				MARKETING_VERSION = 1.0;
				PRODUCT_BUNDLE_IDENTIFIER = me.mahmudulhasan.GitGlimpse;
				PRODUCT_NAME = "$(TARGET_NAME)";
				SWIFT_EMIT_LOC_STRINGS = YES;
				SWIFT_VERSION = 5.0;
				TARGETED_DEVICE_FAMILY = "1,2";
			};
			name = Debug;
		};
		51DE2F592A399C9B000BDF2B /* Release */ = {
			isa = XCBuildConfiguration;
			buildSettings = {
				ASSETCATALOG_COMPILER_APPICON_NAME = AppIcon;
				ASSETCATALOG_COMPILER_GLOBAL_ACCENT_COLOR_NAME = AccentColor;
				CODE_SIGN_STYLE = Automatic;
				CURRENT_PROJECT_VERSION = 1;
				DEVELOPMENT_TEAM = 8FNYAR5ABD;
				GENERATE_INFOPLIST_FILE = YES;
				INFOPLIST_FILE = GitGlimpse/Info.plist;
				INFOPLIST_KEY_CFBundleDisplayName = GitGlimpse;
				INFOPLIST_KEY_LSApplicationCategoryType = "public.app-category.developer-tools";
				INFOPLIST_KEY_UIApplicationSupportsIndirectInputEvents = YES;
				INFOPLIST_KEY_UILaunchStoryboardName = LaunchScreen;
				INFOPLIST_KEY_UISupportedInterfaceOrientations = UIInterfaceOrientationPortrait;
				INFOPLIST_KEY_UISupportedInterfaceOrientations_iPad = "UIInterfaceOrientationLandscapeLeft UIInterfaceOrientationLandscapeRight UIInterfaceOrientationPortrait UIInterfaceOrientationPortraitUpsideDown";
				IPHONEOS_DEPLOYMENT_TARGET = 15.0;
				LD_RUNPATH_SEARCH_PATHS = (
					"$(inherited)",
					"@executable_path/Frameworks",
				);
				MARKETING_VERSION = 1.0;
				PRODUCT_BUNDLE_IDENTIFIER = me.mahmudulhasan.GitGlimpse;
				PRODUCT_NAME = "$(TARGET_NAME)";
				SWIFT_EMIT_LOC_STRINGS = YES;
				SWIFT_VERSION = 5.0;
				TARGETED_DEVICE_FAMILY = "1,2";
			};
			name = Release;
		};
		51DE2F5B2A399C9B000BDF2B /* Debug */ = {
			isa = XCBuildConfiguration;
			buildSettings = {
				ALWAYS_EMBED_SWIFT_STANDARD_LIBRARIES = YES;
				BUNDLE_LOADER = "$(TEST_HOST)";
				CODE_SIGN_STYLE = Automatic;
				CURRENT_PROJECT_VERSION = 1;
				DEVELOPMENT_TEAM = 8FNYAR5ABD;
				GENERATE_INFOPLIST_FILE = YES;
				IPHONEOS_DEPLOYMENT_TARGET = 16.4;
				MARKETING_VERSION = 1.0;
				PRODUCT_BUNDLE_IDENTIFIER = me.mahmudulhasan.GitGlimpseTests;
				PRODUCT_NAME = "$(TARGET_NAME)";
				SWIFT_EMIT_LOC_STRINGS = NO;
				SWIFT_VERSION = 5.0;
				TARGETED_DEVICE_FAMILY = "1,2";
				TEST_HOST = "$(BUILT_PRODUCTS_DIR)/GitGlimpse.app/$(BUNDLE_EXECUTABLE_FOLDER_PATH)/GitGlimpse";
			};
			name = Debug;
		};
		51DE2F5C2A399C9B000BDF2B /* Release */ = {
			isa = XCBuildConfiguration;
			buildSettings = {
				ALWAYS_EMBED_SWIFT_STANDARD_LIBRARIES = YES;
				BUNDLE_LOADER = "$(TEST_HOST)";
				CODE_SIGN_STYLE = Automatic;
				CURRENT_PROJECT_VERSION = 1;
				DEVELOPMENT_TEAM = 8FNYAR5ABD;
				GENERATE_INFOPLIST_FILE = YES;
				IPHONEOS_DEPLOYMENT_TARGET = 16.4;
				MARKETING_VERSION = 1.0;
				PRODUCT_BUNDLE_IDENTIFIER = me.mahmudulhasan.GitGlimpseTests;
				PRODUCT_NAME = "$(TARGET_NAME)";
				SWIFT_EMIT_LOC_STRINGS = NO;
				SWIFT_VERSION = 5.0;
				TARGETED_DEVICE_FAMILY = "1,2";
				TEST_HOST = "$(BUILT_PRODUCTS_DIR)/GitGlimpse.app/$(BUNDLE_EXECUTABLE_FOLDER_PATH)/GitGlimpse";
			};
			name = Release;
		};
		51DE2F5E2A399C9B000BDF2B /* Debug */ = {
			isa = XCBuildConfiguration;
			buildSettings = {
				ALWAYS_EMBED_SWIFT_STANDARD_LIBRARIES = YES;
				CODE_SIGN_STYLE = Automatic;
				CURRENT_PROJECT_VERSION = 1;
				DEVELOPMENT_TEAM = 8FNYAR5ABD;
				GENERATE_INFOPLIST_FILE = YES;
				MARKETING_VERSION = 1.0;
				PRODUCT_BUNDLE_IDENTIFIER = me.mahmudulhasan.GitGlimpseUITests;
				PRODUCT_NAME = "$(TARGET_NAME)";
				SWIFT_EMIT_LOC_STRINGS = NO;
				SWIFT_VERSION = 5.0;
				TARGETED_DEVICE_FAMILY = "1,2";
				TEST_TARGET_NAME = GitGlimpse;
			};
			name = Debug;
		};
		51DE2F5F2A399C9B000BDF2B /* Release */ = {
			isa = XCBuildConfiguration;
			buildSettings = {
				ALWAYS_EMBED_SWIFT_STANDARD_LIBRARIES = YES;
				CODE_SIGN_STYLE = Automatic;
				CURRENT_PROJECT_VERSION = 1;
				DEVELOPMENT_TEAM = 8FNYAR5ABD;
				GENERATE_INFOPLIST_FILE = YES;
				MARKETING_VERSION = 1.0;
				PRODUCT_BUNDLE_IDENTIFIER = me.mahmudulhasan.GitGlimpseUITests;
				PRODUCT_NAME = "$(TARGET_NAME)";
				SWIFT_EMIT_LOC_STRINGS = NO;
				SWIFT_VERSION = 5.0;
				TARGETED_DEVICE_FAMILY = "1,2";
				TEST_TARGET_NAME = GitGlimpse;
			};
			name = Release;
		};
/* End XCBuildConfiguration section */

/* Begin XCConfigurationList section */
		51DE2F282A399C99000BDF2B /* Build configuration list for PBXProject "GitGlimpse" */ = {
			isa = XCConfigurationList;
			buildConfigurations = (
				51DE2F552A399C9B000BDF2B /* Debug */,
				51DE2F562A399C9B000BDF2B /* Release */,
			);
			defaultConfigurationIsVisible = 0;
			defaultConfigurationName = Release;
		};
		51DE2F572A399C9B000BDF2B /* Build configuration list for PBXNativeTarget "GitGlimpse" */ = {
			isa = XCConfigurationList;
			buildConfigurations = (
				51DE2F582A399C9B000BDF2B /* Debug */,
				51DE2F592A399C9B000BDF2B /* Release */,
			);
			defaultConfigurationIsVisible = 0;
			defaultConfigurationName = Release;
		};
		51DE2F5A2A399C9B000BDF2B /* Build configuration list for PBXNativeTarget "GitGlimpseTests" */ = {
			isa = XCConfigurationList;
			buildConfigurations = (
				51DE2F5B2A399C9B000BDF2B /* Debug */,
				51DE2F5C2A399C9B000BDF2B /* Release */,
			);
			defaultConfigurationIsVisible = 0;
			defaultConfigurationName = Release;
		};
		51DE2F5D2A399C9B000BDF2B /* Build configuration list for PBXNativeTarget "GitGlimpseUITests" */ = {
			isa = XCConfigurationList;
			buildConfigurations = (
				51DE2F5E2A399C9B000BDF2B /* Debug */,
				51DE2F5F2A399C9B000BDF2B /* Release */,
			);
			defaultConfigurationIsVisible = 0;
			defaultConfigurationName = Release;
		};
/* End XCConfigurationList section */
	};
	rootObject = 51DE2F252A399C99000BDF2B /* Project object */;
}
